{
    __meta__ = {
        version = "1.0"
    },
    ["windows|x64"] = {
        ["cmake#f56260b5"] = {
            version = "4.0.3"
        },
        ["ninja#f56260b5"] = {
            version = "v1.13.1"
        },
        ["spdlog#09c8c173"] = {
            version = "v1.16.0"
        }
    }
}